
Microsoft Visual Studio Solution File, Format Version 12.00
# Visual Studio Version 17
VisualStudioVersion = 17.6.33801.468
MinimumVisualStudioVersion = 10.0.40219.1
Project("{9A19103F-16F7-4668-BE54-9A1E7A4F7556}") = "Blitz.API", "AsynchronoysProgrammingThesis\Blitz.API.csproj", "{2BCFA964-DC5D-4BED-9154-4B27FB857507}"
EndProject
Project("{9A19103F-16F7-4668-BE54-9A1E7A4F7556}") = "Blitz.Infrastructure", "Blitz.Infrastructure\Blitz.Infrastructure.csproj", "{55F716F8-21FB-48BE-BD5B-929720B119A1}"
EndProject
Project("{9A19103F-16F7-4668-BE54-9A1E7A4F7556}") = "Blitz.Application", "Blitz.Application\Blitz.Application.csproj", "{34313B73-5E9F-4261-B6A5-C53ACF87CE09}"
EndProject
Project("{9A19103F-16F7-4668-BE54-9A1E7A4F7556}") = "Blitz.Domain", "Blitz.Domain\Blitz.Domain.csproj", "{209931AF-390A-495B-ADB7-3160564600D5}"
EndProject
Global
	GlobalSection(SolutionConfigurationPlatforms) = preSolution
		Debug|Any CPU = Debug|Any CPU
		Release|Any CPU = Release|Any CPU
	EndGlobalSection
	GlobalSection(ProjectConfigurationPlatforms) = postSolution
		{2BCFA964-DC5D-4BED-9154-4B27FB857507}.Debug|Any CPU.ActiveCfg = Debug|Any CPU
		{2BCFA964-DC5D-4BED-9154-4B27FB857507}.Debug|Any CPU.Build.0 = Debug|Any CPU
		{2BCFA964-DC5D-4BED-9154-4B27FB857507}.Release|Any CPU.ActiveCfg = Release|Any CPU
		{2BCFA964-DC5D-4BED-9154-4B27FB857507}.Release|Any CPU.Build.0 = Release|Any CPU
		{55F716F8-21FB-48BE-BD5B-929720B119A1}.Debug|Any CPU.ActiveCfg = Debug|Any CPU
		{55F716F8-21FB-48BE-BD5B-929720B119A1}.Debug|Any CPU.Build.0 = Debug|Any CPU
		{55F716F8-21FB-48BE-BD5B-929720B119A1}.Release|Any CPU.ActiveCfg = Release|Any CPU
		{55F716F8-21FB-48BE-BD5B-929720B119A1}.Release|Any CPU.Build.0 = Release|Any CPU
		{34313B73-5E9F-4261-B6A5-C53ACF87CE09}.Debug|Any CPU.ActiveCfg = Debug|Any CPU
		{34313B73-5E9F-4261-B6A5-C53ACF87CE09}.Debug|Any CPU.Build.0 = Debug|Any CPU
		{34313B73-5E9F-4261-B6A5-C53ACF87CE09}.Release|Any CPU.ActiveCfg = Release|Any CPU
		{34313B73-5E9F-4261-B6A5-C53ACF87CE09}.Release|Any CPU.Build.0 = Release|Any CPU
		{209931AF-390A-495B-ADB7-3160564600D5}.Debug|Any CPU.ActiveCfg = Debug|Any CPU
		{209931AF-390A-495B-ADB7-3160564600D5}.Debug|Any CPU.Build.0 = Debug|Any CPU
		{209931AF-390A-495B-ADB7-3160564600D5}.Release|Any CPU.ActiveCfg = Release|Any CPU
		{209931AF-390A-495B-ADB7-3160564600D5}.Release|Any CPU.Build.0 = Release|Any CPU
	EndGlobalSection
	GlobalSection(SolutionProperties) = preSolution
		HideSolutionNode = FALSE
	EndGlobalSection
	GlobalSection(ExtensibilityGlobals) = postSolution
		SolutionGuid = {0B70C26C-5A0F-450A-A8D6-1B0316CFE8CA}
	EndGlobalSection
EndGlobal
